
Microsoft Visual Studio Solution File, Format Version 12.00
# Visual Studio 2012
Project("{FAE04EC0-301F-11D3-BF4B-00C04F79EFBC}") = "GUI", "mHospital\GUI.csproj", "{28EC60D4-692C-412E-A7F1-486EEE8F521E}"
	ProjectSection(ProjectDependencies) = postProject
		{AA9AF033-7EAB-459E-BCF7-0DAA5CBC886F} = {AA9AF033-7EAB-459E-BCF7-0DAA5CBC886F}
	EndProjectSection
EndProject
Project("{FAE04EC0-301F-11D3-BF4B-00C04F79EFBC}") = "Entity", "Entity\Entity.csproj", "{9B2F58CB-9C5A-4F21-BB4B-533AB3728CF2}"
EndProject
Project("{FAE04EC0-301F-11D3-BF4B-00C04F79EFBC}") = "DAL", "DAL\DAL.csproj", "{DD1792C5-EBA3-45FF-B16A-D5BF6759765F}"
EndProject
Project("{FAE04EC0-301F-11D3-BF4B-00C04F79EFBC}") = "BLL", "BLL\BLL.csproj", "{AA9AF033-7EAB-459E-BCF7-0DAA5CBC886F}"
EndProject
Global
	GlobalSection(SolutionConfigurationPlatforms) = preSolution
		Debug|Any CPU = Debug|Any CPU
		Release|Any CPU = Release|Any CPU
	EndGlobalSection
	GlobalSection(ProjectConfigurationPlatforms) = postSolution
		{28EC60D4-692C-412E-A7F1-486EEE8F521E}.Debug|Any CPU.ActiveCfg = Debug|Any CPU
		{28EC60D4-692C-412E-A7F1-486EEE8F521E}.Debug|Any CPU.Build.0 = Debug|Any CPU
		{28EC60D4-692C-412E-A7F1-486EEE8F521E}.Release|Any CPU.ActiveCfg = Release|Any CPU
		{28EC60D4-692C-412E-A7F1-486EEE8F521E}.Release|Any CPU.Build.0 = Release|Any CPU
		{9B2F58CB-9C5A-4F21-BB4B-533AB3728CF2}.Debug|Any CPU.ActiveCfg = Debug|Any CPU
		{9B2F58CB-9C5A-4F21-BB4B-533AB3728CF2}.Debug|Any CPU.Build.0 = Debug|Any CPU
		{9B2F58CB-9C5A-4F21-BB4B-533AB3728CF2}.Release|Any CPU.ActiveCfg = Release|Any CPU
		{9B2F58CB-9C5A-4F21-BB4B-533AB3728CF2}.Release|Any CPU.Build.0 = Release|Any CPU
		{DD1792C5-EBA3-45FF-B16A-D5BF6759765F}.Debug|Any CPU.ActiveCfg = Debug|Any CPU
		{DD1792C5-EBA3-45FF-B16A-D5BF6759765F}.Debug|Any CPU.Build.0 = Debug|Any CPU
		{DD1792C5-EBA3-45FF-B16A-D5BF6759765F}.Release|Any CPU.ActiveCfg = Release|Any CPU
		{DD1792C5-EBA3-45FF-B16A-D5BF6759765F}.Release|Any CPU.Build.0 = Release|Any CPU
		{AA9AF033-7EAB-459E-BCF7-0DAA5CBC886F}.Debug|Any CPU.ActiveCfg = Debug|Any CPU
		{AA9AF033-7EAB-459E-BCF7-0DAA5CBC886F}.Debug|Any CPU.Build.0 = Debug|Any CPU
		{AA9AF033-7EAB-459E-BCF7-0DAA5CBC886F}.Release|Any CPU.ActiveCfg = Release|Any CPU
		{AA9AF033-7EAB-459E-BCF7-0DAA5CBC886F}.Release|Any CPU.Build.0 = Release|Any CPU
	EndGlobalSection
	GlobalSection(SolutionProperties) = preSolution
		HideSolutionNode = FALSE
	EndGlobalSection
EndGlobal
